// !$*UTF8*$!
{
	archiveVersion = 1;
	classes = {
	};
	objectVersion = 46;
	objects = {

/* Begin PBXBuildFile section */
		AA9CC5531D2CC13A00E35747 /* AppDelegate.swift in Sources */ = {isa = PBXBuildFile; fileRef = AA9CC5521D2CC13A00E35747 /* AppDelegate.swift */; };
		AA9CC5551D2CC13A00E35747 /* ViewController.swift in Sources */ = {isa = PBXBuildFile; fileRef = AA9CC5541D2CC13A00E35747 /* ViewController.swift */; };
		AA9CC5581D2CC13A00E35747 /* Main.storyboard in Resources */ = {isa = PBXBuildFile; fileRef = AA9CC5561D2CC13A00E35747 /* Main.storyboard */; };
		AA9CC55A1D2CC13A00E35747 /* Assets.xcassets in Resources */ = {isa = PBXBuildFile; fileRef = AA9CC5591D2CC13A00E35747 /* Assets.xcassets */; };
		AA9CC55D1D2CC13A00E35747 /* LaunchScreen.storyboard in Resources */ = {isa = PBXBuildFile; fileRef = AA9CC55B1D2CC13A00E35747 /* LaunchScreen.storyboard */; };
/* End PBXBuildFile section */

/* Begin PBXFileReference section */
		AA9CC54F1D2CC13A00E35747 /* MovieApp.app */ = {isa = PBXFileReference; explicitFileType = wrapper.application; includeInIndex = 0; path = MovieApp.app; sourceTree = BUILT_PRODUCTS_DIR; };
		AA9CC5521D2CC13A00E35747 /* AppDelegate.swift */ = {isa = PBXFileReference; lastKnownFileType = sourcecode.swift; path = AppDelegate.swift; sourceTree = "<group>"; };
		AA9CC5541D2CC13A00E35747 /* ViewController.swift */ = {isa = PBXFileReference; lastKnownFileType = sourcecode.swift; path = ViewController.swift; sourceTree = "<group>"; };
		AA9CC5571D2CC13A00E35747 /* Base */ = {isa = PBXFileReference; lastKnownFileType = file.storyboard; name = Base; path = Base.lproj/Main.storyboard; sourceTree = "<group>"; };
		AA9CC5591D2CC13A00E35747 /* Assets.xcassets */ = {isa = PBXFileReference; lastKnownFileType = folder.assetcatalog; path = Assets.xcassets; sourceTree = "<group>"; };
		AA9CC55C1D2CC13A00E35747 /* Base */ = {isa = PBXFileReference; lastKnownFileType = file.storyboard; name = Base; path = Base.lproj/LaunchScreen.storyboard; sourceTree = "<group>"; };
		AA9CC55E1D2CC13A00E35747 /* Info.plist */ = {isa = PBXFileReference; lastKnownFileType = text.plist.xml; path = Info.plist; sourceTree = "<group>"; };
/* End PBXFileReference section */

/* Begin PBXFrameworksBuildPhase section */
		AA9CC54C1D2CC13A00E35747 /* Frameworks */ = {
			isa = PBXFrameworksBuildPhase;
			buildActionMask = 2147483647;
			files = (
			);
			runOnlyForDeploymentPostprocessing = 0;
		};
/* End PBXFrameworksBuildPhase section */

/* Begin PBXGroup section */
		AA9CC5461D2CC13A00E35747 = {
			isa = PBXGroup;
			children = (
				AA9CC5511D2CC13A00E35747 /* MovieApp */,
				AA9CC5501D2CC13A00E35747 /* Products */,
			);
			sourceTree = "<group>";
		};
		AA9CC5501D2CC13A00E35747 /* Products */ = {
			isa = PBXGroup;
			children = (
				AA9CC54F1D2CC13A00E35747 /* MovieApp.app */,
			);
			name = Products;
			sourceTree = "<group>";
		};
		AA9CC5511D2CC13A00E35747 /* MovieApp */ = {
			isa = PBXGroup;
			children = (
				AA9CC5521D2CC13A00E35747 /* AppDelegate.swift */,
				AA9CC5541D2CC13A00E35747 /* ViewController.swift */,
				AA9CC5561D2CC13A00E35747 /* Main.storyboard */,
				AA9CC5591D2CC13A00E35747 /* Assets.xcassets */,
				AA9CC55B1D2CC13A00E35747 /* LaunchScreen.storyboard */,
				AA9CC55E1D2CC13A00E35747 /* Info.plist */,
			);
			path = MovieApp;
			sourceTree = "<group>";
		};
/* End PBXGroup section */

/* Begin PBXNativeTarget section */
		AA9CC54E1D2CC13A00E35747 /* MovieApp */ = {
			isa = PBXNativeTarget;
			buildConfigurationList = AA9CC5611D2CC13A00E35747 /* Build configuration list for PBXNativeTarget "MovieApp" */;
			buildPhases = (
				AA9CC54B1D2CC13A00E35747 /* Sources */,
				AA9CC54C1D2CC13A00E35747 /* Frameworks */,
				AA9CC54D1D2CC13A00E35747 /* Resources */,
			);
			buildRules = (
			);
			dependencies = (
			);
			name = MovieApp;
			productName = MovieApp;
			productReference = AA9CC54F1D2CC13A00E35747 /* MovieApp.app */;
			productType = "com.apple.product-type.application";
		};
/* End PBXNativeTarget section */

/* Begin PBXProject section */
		AA9CC5471D2CC13A00E35747 /* Project object */ = {
			isa = PBXProject;
			attributes = {
				LastSwiftUpdateCheck = 0730;
				LastUpgradeCheck = 0730;
				ORGANIZATIONNAME = trieulieuf9;
				TargetAttributes = {
					AA9CC54E1D2CC13A00E35747 = {
						CreatedOnToolsVersion = 7.3.1;
					};
				};
			};
			buildConfigurationList = AA9CC54A1D2CC13A00E35747 /* Build configuration list for PBXProject "MovieApp" */;
			compatibilityVersion = "Xcode 3.2";
			developmentRegion = English;
			hasScannedForEncodings = 0;
			knownRegions = (
				en,
				Base,
			);
			mainGroup = AA9CC5461D2CC13A00E35747;
			productRefGroup = AA9CC5501D2CC13A00E35747 /* Products */;
			projectDirPath = "";
			projectRoot = "";
			targets = (
				AA9CC54E1D2CC13A00E35747 /* MovieApp */,
			);
		};
/* End PBXProject section */

/* Begin PBXResourcesBuildPhase section */
		AA9CC54D1D2CC13A00E35747 /* Resources */ = {
			isa = PBXResourcesBuildPhase;
			buildActionMask = 2147483647;
			files = (
				AA9CC55D1D2CC13A00E35747 /* LaunchScreen.storyboard in Resources */,
				AA9CC55A1D2CC13A00E35747 /* Assets.xcassets in Resources */,
				AA9CC5581D2CC13A00E35747 /* Main.storyboard in Resources */,
			);
			runOnlyForDeploymentPostprocessing = 0;
		};
/* End PBXResourcesBuildPhase section */

/* Begin PBXSourcesBuildPhase section */
		AA9CC54B1D2CC13A00E35747 /* Sources */ = {
			isa = PBXSourcesBuildPhase;
			buildActionMask = 2147483647;
			files = (
				AA9CC5551D2CC13A00E35747 /* ViewController.swift in Sources */,
				AA9CC5531D2CC13A00E35747 /* AppDelegate.swift in Sources */,
			);
			runOnlyForDeploymentPostprocessing = 0;
		};
/* End PBXSourcesBuildPhase section */

/* Begin PBXVariantGroup section */
		AA9CC5561D2CC13A00E35747 /* Main.storyboard */ = {
			isa = PBXVariantGroup;
			children = (
				AA9CC5571D2CC13A00E35747 /* Base */,
			);
			name = Main.storyboard;
			sourceTree = "<group>";
		};
		AA9CC55B1D2CC13A00E35747 /* LaunchScreen.storyboard */ = {
			isa = PBXVariantGroup;
			children = (
				AA9CC55C1D2CC13A00E35747 /* Base */,
			);
			name = LaunchScreen.storyboard;
			sourceTree = "<group>";
		};
/* End PBXVariantGroup section */

/* Begin XCBuildConfiguration section */
		AA9CC55F1D2CC13A00E35747 /* Debug */ = {
			isa = XCBuildConfiguration;
			buildSettings = {
				ALWAYS_SEARCH_USER_PATHS = NO;
				CLANG_ANALYZER_NONNULL = YES;
				CLANG_CXX_LANGUAGE_STANDARD = "gnu++0x";
				CLANG_CXX_LIBRARY = "libc++";
				CLANG_ENABLE_MODULES = YES;
				CLANG_ENABLE_OBJC_ARC = YES;
				CLANG_WARN_BOOL_CONVERSION = YES;
				CLANG_WARN_CONSTANT_CONVERSION = YES;
				CLANG_WARN_DIRECT_OBJC_ISA_USAGE = YES_ERROR;
				CLANG_WARN_EMPTY_BODY = YES;
				CLANG_WARN_ENUM_CONVERSION = YES;
				CLANG_WARN_INT_CONVERSION = YES;
				CLANG_WARN_OBJC_ROOT_CLASS = YES_ERROR;
				CLANG_WARN_UNREACHABLE_CODE = YES;
				CLANG_WARN__DUPLICATE_METHOD_MATCH = YES;
				"CODE_SIGN_IDENTITY[sdk=iphoneos*]" = "iPhone Developer";
				COPY_PHASE_STRIP = NO;
				DEBUG_INFORMATION_FORMAT = dwarf;
				ENABLE_STRICT_OBJC_MSGSEND = YES;
				ENABLE_TESTABILITY = YES;
				GCC_C_LANGUAGE_STANDARD = gnu99;
				GCC_DYNAMIC_NO_PIC = NO;
				GCC_NO_COMMON_BLOCKS = YES;
				GCC_OPTIMIZATION_LEVEL = 0;
				GCC_PREPROCESSOR_DEFINITIONS = (
					"DEBUG=1",
					"$(inherited)",
				);
				GCC_WARN_64_TO_32_BIT_CONVERSION = YES;
				GCC_WARN_ABOUT_RETURN_TYPE = YES_ERROR;
				GCC_WARN_UNDECLARED_SELECTOR = YES;
				GCC_WARN_UNINITIALIZED_AUTOS = YES_AGGRESSIVE;
				GCC_WARN_UNUSED_FUNCTION = YES;
				GCC_WARN_UNUSED_VARIABLE = YES;
				IPHONEOS_DEPLOYMENT_TARGET = 9.3;
				MTL_ENABLE_DEBUG_INFO = YES;
				ONLY_ACTIVE_ARCH = YES;
				SDKROOT = iphoneos;
				SWIFT_OPTIMIZATION_LEVEL = "-Onone";
			};
			name = Debug;
		};
		AA9CC5601D2CC13A00E35747 /* Release */ = {
			isa = XCBuildConfiguration;
			buildSettings = {
				ALWAYS_SEARCH_USER_PATHS = NO;
				CLANG_ANALYZER_NONNULL = YES;
				CLANG_CXX_LANGUAGE_STANDARD = "gnu++0x";
				CLANG_CXX_LIBRARY = "libc++";
				CLANG_ENABLE_MODULES = YES;
				CLANG_ENABLE_OBJC_ARC = YES;
				CLANG_WARN_BOOL_CONVERSION = YES;
				CLANG_WARN_CONSTANT_CONVERSION = YES;
				CLANG_WARN_DIRECT_OBJC_ISA_USAGE = YES_ERROR;
				CLANG_WARN_EMPTY_BODY = YES;
				CLANG_WARN_ENUM_CONVERSION = YES;
				CLANG_WARN_INT_CONVERSION = YES;
				CLANG_WARN_OBJC_ROOT_CLASS = YES_ERROR;
				CLANG_WARN_UNREACHABLE_CODE = YES;
				CLANG_WARN__DUPLICATE_METHOD_MATCH = YES;
				"CODE_SIGN_IDENTITY[sdk=iphoneos*]" = "iPhone Developer";
				COPY_PHASE_STRIP = NO;
				DEBUG_INFORMATION_FORMAT = "dwarf-with-dsym";
				ENABLE_NS_ASSERTIONS = NO;
				ENABLE_STRICT_OBJC_MSGSEND = YES;
				GCC_C_LANGUAGE_STANDARD = gnu99;
				GCC_NO_COMMON_BLOCKS = YES;
				GCC_WARN_64_TO_32_BIT_CONVERSION = YES;
				GCC_WARN_ABOUT_RETURN_TYPE = YES_ERROR;
				GCC_WARN_UNDECLARED_SELECTOR = YES;
				GCC_WARN_UNINITIALIZED_AUTOS = YES_AGGRESSIVE;
				GCC_WARN_UNUSED_FUNCTION = YES;
				GCC_WARN_UNUSED_VARIABLE = YES;
				IPHONEOS_DEPLOYMENT_TARGET = 9.3;
				MTL_ENABLE_DEBUG_INFO = NO;
				SDKROOT = iphoneos;
				VALIDATE_PRODUCT = YES;
			};
			name = Release;
		};
		AA9CC5621D2CC13A00E35747 /* Debug */ = {
			isa = XCBuildConfiguration;
			buildSettings = {
				ASSETCATALOG_COMPILER_APPICON_NAME = AppIcon;
				INFOPLIST_FILE = MovieApp/Info.plist;
				LD_RUNPATH_SEARCH_PATHS = "$(inherited) @executable_path/Frameworks";
				PRODUCT_BUNDLE_IDENTIFIER = Whatever.MovieApp;
				PRODUCT_NAME = "$(TARGET_NAME)";
			};
			name = Debug;
		};
		AA9CC5631D2CC13A00E35747 /* Release */ = {
			isa = XCBuildConfiguration;
			buildSettings = {
				ASSETCATALOG_COMPILER_APPICON_NAME = AppIcon;
				INFOPLIST_FILE = MovieApp/Info.plist;
				LD_RUNPATH_SEARCH_PATHS = "$(inherited) @executable_path/Frameworks";
				PRODUCT_BUNDLE_IDENTIFIER = Whatever.MovieApp;
				PRODUCT_NAME = "$(TARGET_NAME)";
			};
			name = Release;
		};
/* End XCBuildConfiguration section */

/* Begin XCConfigurationList section */
		AA9CC54A1D2CC13A00E35747 /* Build configuration list for PBXProject "MovieApp" */ = {
			isa = XCConfigurationList;
			buildConfigurations = (
				AA9CC55F1D2CC13A00E35747 /* Debug */,
				AA9CC5601D2CC13A00E35747 /* Release */,
			);
			defaultConfigurationIsVisible = 0;
			defaultConfigurationName = Release;
		};
		AA9CC5611D2CC13A00E35747 /* Build configuration list for PBXNativeTarget "MovieApp" */ = {
			isa = XCConfigurationList;
			buildConfigurations = (
				AA9CC5621D2CC13A00E35747 /* Debug */,
				AA9CC5631D2CC13A00E35747 /* Release */,
			);
			defaultConfigurationIsVisible = 0;
		};
/* End XCConfigurationList section */
	};
	rootObject = AA9CC5471D2CC13A00E35747 /* Project object */;
}
